
Microsoft Visual Studio Solution File, Format Version 12.00
# Visual Studio Version 17
VisualStudioVersion = 17.8.34322.80
MinimumVisualStudioVersion = 10.0.40219.1
Project("{FAE04EC0-301F-11D3-BF4B-00C04F79EFBC}") = "Restauran10TablesReservationSystemPlatzi", "Restauran10TablesReservationSystemPlatzi\Restauran10TablesReservationSystemPlatzi.csproj", "{934375B9-A502-4AC2-849A-0E809BAA4653}"
EndProject
Global
	GlobalSection(SolutionConfigurationPlatforms) = preSolution
		Debug|Any CPU = Debug|Any CPU
		Release|Any CPU = Release|Any CPU
	EndGlobalSection
	GlobalSection(ProjectConfigurationPlatforms) = postSolution
		{934375B9-A502-4AC2-849A-0E809BAA4653}.Debug|Any CPU.ActiveCfg = Debug|Any CPU
		{934375B9-A502-4AC2-849A-0E809BAA4653}.Debug|Any CPU.Build.0 = Debug|Any CPU
		{934375B9-A502-4AC2-849A-0E809BAA4653}.Release|Any CPU.ActiveCfg = Release|Any CPU
		{934375B9-A502-4AC2-849A-0E809BAA4653}.Release|Any CPU.Build.0 = Release|Any CPU
	EndGlobalSection
	GlobalSection(SolutionProperties) = preSolution
		HideSolutionNode = FALSE
	EndGlobalSection
	GlobalSection(ExtensibilityGlobals) = postSolution
		SolutionGuid = {9F9A6418-2314-4351-8148-A388096E1F70}
	EndGlobalSection
EndGlobal
